
Microsoft Visual Studio Solution File, Format Version 12.00
# Visual Studio Version 16
VisualStudioVersion = 16.0.30503.244
MinimumVisualStudioVersion = 10.0.40219.1
Project("{FAE04EC0-301F-11D3-BF4B-00C04F79EFBC}") = "E-Healthcare", "E-Healthcare\E-Healthcare.csproj", "{4543070D-73BC-46A0-8481-87EEBE262B64}"
EndProject
Global
	GlobalSection(SolutionConfigurationPlatforms) = preSolution
		Debug|Any CPU = Debug|Any CPU
		Release|Any CPU = Release|Any CPU
	EndGlobalSection
	GlobalSection(ProjectConfigurationPlatforms) = postSolution
		{4543070D-73BC-46A0-8481-87EEBE262B64}.Debug|Any CPU.ActiveCfg = Debug|Any CPU
		{4543070D-73BC-46A0-8481-87EEBE262B64}.Debug|Any CPU.Build.0 = Debug|Any CPU
		{4543070D-73BC-46A0-8481-87EEBE262B64}.Release|Any CPU.ActiveCfg = Release|Any CPU
		{4543070D-73BC-46A0-8481-87EEBE262B64}.Release|Any CPU.Build.0 = Release|Any CPU
	EndGlobalSection
	GlobalSection(SolutionProperties) = preSolution
		HideSolutionNode = FALSE
	EndGlobalSection
	GlobalSection(ExtensibilityGlobals) = postSolution
		SolutionGuid = {4794FA84-69B2-4447-B658-43B28F9695ED}
	EndGlobalSection
EndGlobal
